// !$*UTF8*$!
{
	archiveVersion = 1;
	classes = {
	};
	objectVersion = 50;
	objects = {

/* Begin PBXBuildFile section */
		412922F921AD76E30056643F /* AppDelegate.m in Sources */ = {isa = PBXBuildFile; fileRef = 412922F821AD76E30056643F /* AppDelegate.m */; };
		412922FC21AD76E30056643F /* MainViewController.m in Sources */ = {isa = PBXBuildFile; fileRef = 412922FB21AD76E30056643F /* MainViewController.m */; };
		4129230121AD76E50056643F /* Assets.xcassets in Resources */ = {isa = PBXBuildFile; fileRef = 4129230021AD76E50056643F /* Assets.xcassets */; };
		4129230421AD76E50056643F /* LaunchScreen.storyboard in Resources */ = {isa = PBXBuildFile; fileRef = 4129230221AD76E50056643F /* LaunchScreen.storyboard */; };
		4129230721AD76E50056643F /* main.m in Sources */ = {isa = PBXBuildFile; fileRef = 4129230621AD76E50056643F /* main.m */; };
		41346D2A21AD96FF00239B9B /* Country.m in Sources */ = {isa = PBXBuildFile; fileRef = 41346D2921AD96FF00239B9B /* Country.m */; };
		41346D2D21AD99A400239B9B /* City.m in Sources */ = {isa = PBXBuildFile; fileRef = 41346D2C21AD99A400239B9B /* City.m */; };
		41346D3021AEC1CD00239B9B /* Airport.m in Sources */ = {isa = PBXBuildFile; fileRef = 41346D2F21AEC1CD00239B9B /* Airport.m */; };
		41346D3321AEC89600239B9B /* DataManager.m in Sources */ = {isa = PBXBuildFile; fileRef = 41346D3221AEC89600239B9B /* DataManager.m */; };
		41346D3C21B154CF00239B9B /* countries.json in Resources */ = {isa = PBXBuildFile; fileRef = 41346D3921B154CE00239B9B /* countries.json */; };
		41346D3D21B154CF00239B9B /* cities.json in Resources */ = {isa = PBXBuildFile; fileRef = 41346D3A21B154CE00239B9B /* cities.json */; };
		41346D3E21B154CF00239B9B /* airports.json in Resources */ = {isa = PBXBuildFile; fileRef = 41346D3B21B154CF00239B9B /* airports.json */; };
/* End PBXBuildFile section */

/* Begin PBXFileReference section */
		412922F421AD76E30056643F /* FindAviaTicket.app */ = {isa = PBXFileReference; explicitFileType = wrapper.application; includeInIndex = 0; path = FindAviaTicket.app; sourceTree = BUILT_PRODUCTS_DIR; };
		412922F721AD76E30056643F /* AppDelegate.h */ = {isa = PBXFileReference; lastKnownFileType = sourcecode.c.h; path = AppDelegate.h; sourceTree = "<group>"; };
		412922F821AD76E30056643F /* AppDelegate.m */ = {isa = PBXFileReference; lastKnownFileType = sourcecode.c.objc; path = AppDelegate.m; sourceTree = "<group>"; };
		412922FA21AD76E30056643F /* MainViewController.h */ = {isa = PBXFileReference; lastKnownFileType = sourcecode.c.h; path = MainViewController.h; sourceTree = "<group>"; };
		412922FB21AD76E30056643F /* MainViewController.m */ = {isa = PBXFileReference; lastKnownFileType = sourcecode.c.objc; path = MainViewController.m; sourceTree = "<group>"; };
		4129230021AD76E50056643F /* Assets.xcassets */ = {isa = PBXFileReference; lastKnownFileType = folder.assetcatalog; path = Assets.xcassets; sourceTree = "<group>"; };
		4129230321AD76E50056643F /* Base */ = {isa = PBXFileReference; lastKnownFileType = file.storyboard; name = Base; path = Base.lproj/LaunchScreen.storyboard; sourceTree = "<group>"; };
		4129230521AD76E50056643F /* Info.plist */ = {isa = PBXFileReference; lastKnownFileType = text.plist.xml; path = Info.plist; sourceTree = "<group>"; };
		4129230621AD76E50056643F /* main.m */ = {isa = PBXFileReference; lastKnownFileType = sourcecode.c.objc; path = main.m; sourceTree = "<group>"; };
		41346D2821AD96FF00239B9B /* Country.h */ = {isa = PBXFileReference; lastKnownFileType = sourcecode.c.h; path = Country.h; sourceTree = "<group>"; };
		41346D2921AD96FF00239B9B /* Country.m */ = {isa = PBXFileReference; lastKnownFileType = sourcecode.c.objc; path = Country.m; sourceTree = "<group>"; };
		41346D2B21AD99A400239B9B /* City.h */ = {isa = PBXFileReference; lastKnownFileType = sourcecode.c.h; path = City.h; sourceTree = "<group>"; };
		41346D2C21AD99A400239B9B /* City.m */ = {isa = PBXFileReference; lastKnownFileType = sourcecode.c.objc; path = City.m; sourceTree = "<group>"; };
		41346D2E21AEC1CD00239B9B /* Airport.h */ = {isa = PBXFileReference; lastKnownFileType = sourcecode.c.h; path = Airport.h; sourceTree = "<group>"; };
		41346D2F21AEC1CD00239B9B /* Airport.m */ = {isa = PBXFileReference; lastKnownFileType = sourcecode.c.objc; path = Airport.m; sourceTree = "<group>"; };
		41346D3121AEC89600239B9B /* DataManager.h */ = {isa = PBXFileReference; lastKnownFileType = sourcecode.c.h; path = DataManager.h; sourceTree = "<group>"; };
		41346D3221AEC89600239B9B /* DataManager.m */ = {isa = PBXFileReference; lastKnownFileType = sourcecode.c.objc; path = DataManager.m; sourceTree = "<group>"; };
		41346D3921B154CE00239B9B /* countries.json */ = {isa = PBXFileReference; fileEncoding = 4; lastKnownFileType = text.json; path = countries.json; sourceTree = "<group>"; };
		41346D3A21B154CE00239B9B /* cities.json */ = {isa = PBXFileReference; fileEncoding = 4; lastKnownFileType = text.json; path = cities.json; sourceTree = "<group>"; };
		41346D3B21B154CF00239B9B /* airports.json */ = {isa = PBXFileReference; fileEncoding = 4; lastKnownFileType = text.json; path = airports.json; sourceTree = "<group>"; };
/* End PBXFileReference section */

/* Begin PBXFrameworksBuildPhase section */
		412922F121AD76E30056643F /* Frameworks */ = {
			isa = PBXFrameworksBuildPhase;
			buildActionMask = 2147483647;
			files = (
			);
			runOnlyForDeploymentPostprocessing = 0;
		};
/* End PBXFrameworksBuildPhase section */

/* Begin PBXGroup section */
		412922EB21AD76E30056643F = {
			isa = PBXGroup;
			children = (
				412922F621AD76E30056643F /* FindAviaTicket */,
				412922F521AD76E30056643F /* Products */,
			);
			sourceTree = "<group>";
		};
		412922F521AD76E30056643F /* Products */ = {
			isa = PBXGroup;
			children = (
				412922F421AD76E30056643F /* FindAviaTicket.app */,
			);
			name = Products;
			sourceTree = "<group>";
		};
		412922F621AD76E30056643F /* FindAviaTicket */ = {
			isa = PBXGroup;
			children = (
				41346D2721AD96B000239B9B /* Model */,
				412922F721AD76E30056643F /* AppDelegate.h */,
				412922F821AD76E30056643F /* AppDelegate.m */,
				412922FA21AD76E30056643F /* MainViewController.h */,
				412922FB21AD76E30056643F /* MainViewController.m */,
				4129230021AD76E50056643F /* Assets.xcassets */,
				4129230221AD76E50056643F /* LaunchScreen.storyboard */,
				4129230521AD76E50056643F /* Info.plist */,
				4129230621AD76E50056643F /* main.m */,
				41346D3121AEC89600239B9B /* DataManager.h */,
				41346D3221AEC89600239B9B /* DataManager.m */,
			);
			path = FindAviaTicket;
			sourceTree = "<group>";
		};
		41346D2721AD96B000239B9B /* Model */ = {
			isa = PBXGroup;
			children = (
				41346D3F21B154E700239B9B /* data */,
				41346D2821AD96FF00239B9B /* Country.h */,
				41346D2921AD96FF00239B9B /* Country.m */,
				41346D2B21AD99A400239B9B /* City.h */,
				41346D2C21AD99A400239B9B /* City.m */,
				41346D2E21AEC1CD00239B9B /* Airport.h */,
				41346D2F21AEC1CD00239B9B /* Airport.m */,
			);
			name = Model;
			sourceTree = "<group>";
		};
		41346D3F21B154E700239B9B /* data */ = {
			isa = PBXGroup;
			children = (
				41346D3B21B154CF00239B9B /* airports.json */,
				41346D3A21B154CE00239B9B /* cities.json */,
				41346D3921B154CE00239B9B /* countries.json */,
			);
			name = data;
			sourceTree = "<group>";
		};
/* End PBXGroup section */

/* Begin PBXNativeTarget section */
		412922F321AD76E30056643F /* FindAviaTicket */ = {
			isa = PBXNativeTarget;
			buildConfigurationList = 4129230A21AD76E50056643F /* Build configuration list for PBXNativeTarget "FindAviaTicket" */;
			buildPhases = (
				412922F021AD76E30056643F /* Sources */,
				412922F121AD76E30056643F /* Frameworks */,
				412922F221AD76E30056643F /* Resources */,
			);
			buildRules = (
			);
			dependencies = (
			);
			name = FindAviaTicket;
			productName = FindAviaTicket;
			productReference = 412922F421AD76E30056643F /* FindAviaTicket.app */;
			productType = "com.apple.product-type.application";
		};
/* End PBXNativeTarget section */

/* Begin PBXProject section */
		412922EC21AD76E30056643F /* Project object */ = {
			isa = PBXProject;
			attributes = {
				LastUpgradeCheck = 1000;
				ORGANIZATIONNAME = "Andrey Yusupov";
				TargetAttributes = {
					412922F321AD76E30056643F = {
						CreatedOnToolsVersion = 10.0;
					};
				};
			};
			buildConfigurationList = 412922EF21AD76E30056643F /* Build configuration list for PBXProject "FindAviaTicket" */;
			compatibilityVersion = "Xcode 9.3";
			developmentRegion = en;
			hasScannedForEncodings = 0;
			knownRegions = (
				en,
				Base,
			);
			mainGroup = 412922EB21AD76E30056643F;
			productRefGroup = 412922F521AD76E30056643F /* Products */;
			projectDirPath = "";
			projectRoot = "";
			targets = (
				412922F321AD76E30056643F /* FindAviaTicket */,
			);
		};
/* End PBXProject section */

/* Begin PBXResourcesBuildPhase section */
		412922F221AD76E30056643F /* Resources */ = {
			isa = PBXResourcesBuildPhase;
			buildActionMask = 2147483647;
			files = (
				41346D3D21B154CF00239B9B /* cities.json in Resources */,
				41346D3C21B154CF00239B9B /* countries.json in Resources */,
				4129230421AD76E50056643F /* LaunchScreen.storyboard in Resources */,
				4129230121AD76E50056643F /* Assets.xcassets in Resources */,
				41346D3E21B154CF00239B9B /* airports.json in Resources */,
			);
			runOnlyForDeploymentPostprocessing = 0;
		};
/* End PBXResourcesBuildPhase section */

/* Begin PBXSourcesBuildPhase section */
		412922F021AD76E30056643F /* Sources */ = {
			isa = PBXSourcesBuildPhase;
			buildActionMask = 2147483647;
			files = (
				41346D2D21AD99A400239B9B /* City.m in Sources */,
				41346D2A21AD96FF00239B9B /* Country.m in Sources */,
				41346D3321AEC89600239B9B /* DataManager.m in Sources */,
				412922FC21AD76E30056643F /* MainViewController.m in Sources */,
				41346D3021AEC1CD00239B9B /* Airport.m in Sources */,
				4129230721AD76E50056643F /* main.m in Sources */,
				412922F921AD76E30056643F /* AppDelegate.m in Sources */,
			);
			runOnlyForDeploymentPostprocessing = 0;
		};
/* End PBXSourcesBuildPhase section */

/* Begin PBXVariantGroup section */
		4129230221AD76E50056643F /* LaunchScreen.storyboard */ = {
			isa = PBXVariantGroup;
			children = (
				4129230321AD76E50056643F /* Base */,
			);
			name = LaunchScreen.storyboard;
			sourceTree = "<group>";
		};
/* End PBXVariantGroup section */

/* Begin XCBuildConfiguration section */
		4129230821AD76E50056643F /* Debug */ = {
			isa = XCBuildConfiguration;
			buildSettings = {
				ALWAYS_SEARCH_USER_PATHS = NO;
				CLANG_ANALYZER_NONNULL = YES;
				CLANG_ANALYZER_NUMBER_OBJECT_CONVERSION = YES_AGGRESSIVE;
				CLANG_CXX_LANGUAGE_STANDARD = "gnu++14";
				CLANG_CXX_LIBRARY = "libc++";
				CLANG_ENABLE_MODULES = YES;
				CLANG_ENABLE_OBJC_ARC = YES;
				CLANG_ENABLE_OBJC_WEAK = YES;
				CLANG_WARN_BLOCK_CAPTURE_AUTORELEASING = YES;
				CLANG_WARN_BOOL_CONVERSION = YES;
				CLANG_WARN_COMMA = YES;
				CLANG_WARN_CONSTANT_CONVERSION = YES;
				CLANG_WARN_DEPRECATED_OBJC_IMPLEMENTATIONS = YES;
				CLANG_WARN_DIRECT_OBJC_ISA_USAGE = YES_ERROR;
				CLANG_WARN_DOCUMENTATION_COMMENTS = YES;
				CLANG_WARN_EMPTY_BODY = YES;
				CLANG_WARN_ENUM_CONVERSION = YES;
				CLANG_WARN_INFINITE_RECURSION = YES;
				CLANG_WARN_INT_CONVERSION = YES;
				CLANG_WARN_NON_LITERAL_NULL_CONVERSION = YES;
				CLANG_WARN_OBJC_IMPLICIT_RETAIN_SELF = YES;
				CLANG_WARN_OBJC_LITERAL_CONVERSION = YES;
				CLANG_WARN_OBJC_ROOT_CLASS = YES_ERROR;
				CLANG_WARN_RANGE_LOOP_ANALYSIS = YES;
				CLANG_WARN_STRICT_PROTOTYPES = YES;
				CLANG_WARN_SUSPICIOUS_MOVE = YES;
				CLANG_WARN_UNGUARDED_AVAILABILITY = YES_AGGRESSIVE;
				CLANG_WARN_UNREACHABLE_CODE = YES;
				CLANG_WARN__DUPLICATE_METHOD_MATCH = YES;
				CODE_SIGN_IDENTITY = "iPhone Developer";
				COPY_PHASE_STRIP = NO;
				DEBUG_INFORMATION_FORMAT = dwarf;
				ENABLE_STRICT_OBJC_MSGSEND = YES;
				ENABLE_TESTABILITY = YES;
				GCC_C_LANGUAGE_STANDARD = gnu11;
				GCC_DYNAMIC_NO_PIC = NO;
				GCC_NO_COMMON_BLOCKS = YES;
				GCC_OPTIMIZATION_LEVEL = 0;
				GCC_PREPROCESSOR_DEFINITIONS = (
					"DEBUG=1",
					"$(inherited)",
				);
				GCC_WARN_64_TO_32_BIT_CONVERSION = YES;
				GCC_WARN_ABOUT_RETURN_TYPE = YES_ERROR;
				GCC_WARN_UNDECLARED_SELECTOR = YES;
				GCC_WARN_UNINITIALIZED_AUTOS = YES_AGGRESSIVE;
				GCC_WARN_UNUSED_FUNCTION = YES;
				GCC_WARN_UNUSED_VARIABLE = YES;
				IPHONEOS_DEPLOYMENT_TARGET = 12.0;
				MTL_ENABLE_DEBUG_INFO = INCLUDE_SOURCE;
				MTL_FAST_MATH = YES;
				ONLY_ACTIVE_ARCH = YES;
				SDKROOT = iphoneos;
			};
			name = Debug;
		};
		4129230921AD76E50056643F /* Release */ = {
			isa = XCBuildConfiguration;
			buildSettings = {
				ALWAYS_SEARCH_USER_PATHS = NO;
				CLANG_ANALYZER_NONNULL = YES;
				CLANG_ANALYZER_NUMBER_OBJECT_CONVERSION = YES_AGGRESSIVE;
				CLANG_CXX_LANGUAGE_STANDARD = "gnu++14";
				CLANG_CXX_LIBRARY = "libc++";
				CLANG_ENABLE_MODULES = YES;
				CLANG_ENABLE_OBJC_ARC = YES;
				CLANG_ENABLE_OBJC_WEAK = YES;
				CLANG_WARN_BLOCK_CAPTURE_AUTORELEASING = YES;
				CLANG_WARN_BOOL_CONVERSION = YES;
				CLANG_WARN_COMMA = YES;
				CLANG_WARN_CONSTANT_CONVERSION = YES;
				CLANG_WARN_DEPRECATED_OBJC_IMPLEMENTATIONS = YES;
				CLANG_WARN_DIRECT_OBJC_ISA_USAGE = YES_ERROR;
				CLANG_WARN_DOCUMENTATION_COMMENTS = YES;
				CLANG_WARN_EMPTY_BODY = YES;
				CLANG_WARN_ENUM_CONVERSION = YES;
				CLANG_WARN_INFINITE_RECURSION = YES;
				CLANG_WARN_INT_CONVERSION = YES;
				CLANG_WARN_NON_LITERAL_NULL_CONVERSION = YES;
				CLANG_WARN_OBJC_IMPLICIT_RETAIN_SELF = YES;
				CLANG_WARN_OBJC_LITERAL_CONVERSION = YES;
				CLANG_WARN_OBJC_ROOT_CLASS = YES_ERROR;
				CLANG_WARN_RANGE_LOOP_ANALYSIS = YES;
				CLANG_WARN_STRICT_PROTOTYPES = YES;
				CLANG_WARN_SUSPICIOUS_MOVE = YES;
				CLANG_WARN_UNGUARDED_AVAILABILITY = YES_AGGRESSIVE;
				CLANG_WARN_UNREACHABLE_CODE = YES;
				CLANG_WARN__DUPLICATE_METHOD_MATCH = YES;
				CODE_SIGN_IDENTITY = "iPhone Developer";
				COPY_PHASE_STRIP = NO;
				DEBUG_INFORMATION_FORMAT = "dwarf-with-dsym";
				ENABLE_NS_ASSERTIONS = NO;
				ENABLE_STRICT_OBJC_MSGSEND = YES;
				GCC_C_LANGUAGE_STANDARD = gnu11;
				GCC_NO_COMMON_BLOCKS = YES;
				GCC_WARN_64_TO_32_BIT_CONVERSION = YES;
				GCC_WARN_ABOUT_RETURN_TYPE = YES_ERROR;
				GCC_WARN_UNDECLARED_SELECTOR = YES;
				GCC_WARN_UNINITIALIZED_AUTOS = YES_AGGRESSIVE;
				GCC_WARN_UNUSED_FUNCTION = YES;
				GCC_WARN_UNUSED_VARIABLE = YES;
				IPHONEOS_DEPLOYMENT_TARGET = 12.0;
				MTL_ENABLE_DEBUG_INFO = NO;
				MTL_FAST_MATH = YES;
				SDKROOT = iphoneos;
				VALIDATE_PRODUCT = YES;
			};
			name = Release;
		};
		4129230B21AD76E50056643F /* Debug */ = {
			isa = XCBuildConfiguration;
			buildSettings = {
				ASSETCATALOG_COMPILER_APPICON_NAME = AppIcon;
				CODE_SIGN_STYLE = Automatic;
				INFOPLIST_FILE = FindAviaTicket/Info.plist;
				LD_RUNPATH_SEARCH_PATHS = (
					"$(inherited)",
					"@executable_path/Frameworks",
				);
				PRODUCT_BUNDLE_IDENTIFIER = "-.FindAviaTicket";
				PRODUCT_NAME = "$(TARGET_NAME)";
				TARGETED_DEVICE_FAMILY = "1,2";
			};
			name = Debug;
		};
		4129230C21AD76E50056643F /* Release */ = {
			isa = XCBuildConfiguration;
			buildSettings = {
				ASSETCATALOG_COMPILER_APPICON_NAME = AppIcon;
				CODE_SIGN_STYLE = Automatic;
				INFOPLIST_FILE = FindAviaTicket/Info.plist;
				LD_RUNPATH_SEARCH_PATHS = (
					"$(inherited)",
					"@executable_path/Frameworks",
				);
				PRODUCT_BUNDLE_IDENTIFIER = "-.FindAviaTicket";
				PRODUCT_NAME = "$(TARGET_NAME)";
				TARGETED_DEVICE_FAMILY = "1,2";
			};
			name = Release;
		};
/* End XCBuildConfiguration section */

/* Begin XCConfigurationList section */
		412922EF21AD76E30056643F /* Build configuration list for PBXProject "FindAviaTicket" */ = {
			isa = XCConfigurationList;
			buildConfigurations = (
				4129230821AD76E50056643F /* Debug */,
				4129230921AD76E50056643F /* Release */,
			);
			defaultConfigurationIsVisible = 0;
			defaultConfigurationName = Release;
		};
		4129230A21AD76E50056643F /* Build configuration list for PBXNativeTarget "FindAviaTicket" */ = {
			isa = XCConfigurationList;
			buildConfigurations = (
				4129230B21AD76E50056643F /* Debug */,
				4129230C21AD76E50056643F /* Release */,
			);
			defaultConfigurationIsVisible = 0;
			defaultConfigurationName = Release;
		};
/* End XCConfigurationList section */
	};
	rootObject = 412922EC21AD76E30056643F /* Project object */;
}
